# Generated by pub
# See https://dart.dev/tools/pub/glossary#lockfile
packages:
  flutter_lints:
    dependency: transitive
    description:
      name: flutter_lints
      url: "https://pub.dartlang.org"
    source: hosted
    version: "1.0.4"
  lints:
    dependency: transitive
    description:
      name: lints
      url: "https://pub.dartlang.org"
    source: hosted
    version: "1.0.1"
  ross_lints:
    dependency: "direct dev"
    description:
      path: "."
      ref: HEAD
      resolved-ref: "09912c922dc25817c66010d1a2f88c69da6683b0"
      url: "git://github.com/RossHS/ross_lint_ruleset"
    source: git
    version: "1.0.0+1"
sdks:
  dart: ">=2.14.0 <3.0.0"
